{
  "name": "egg-mix",
  "version": "0.1.0",
  "lockfileVersion": 1,
  "requires": true,
  "dependencies": {
    "@types/node": {
      "version": "12.12.12",
      "resolved": "https://registry.npmjs.org/@types/node/-/node-12.12.12.tgz",
      "integrity": "sha512-MGuvYJrPU0HUwqF7LqvIj50RZUX23Z+m583KBygKYUZLlZ88n6w28XRNJRJgsHukLEnLz6w6SvxZoLgbr5wLqQ==",
      "dev": true
    },
    "core-util-is": {
      "version": "1.0.2",
      "resolved": "https://registry.npm.taobao.org/core-util-is/download/core-util-is-1.0.2.tgz",
      "integrity": "sha1-tf1UIgqivFq1eqtxQMlAdUUDwac="
    },
    "is-class-hotfix": {
      "version": "0.0.6",
      "resolved": "https://registry.npm.taobao.org/is-class-hotfix/download/is-class-hotfix-0.0.6.tgz",
      "integrity": "sha1-pSfTH7IyeSgd3l84XHe13nCnJDU="
    },
    "is-type-of": {
      "version": "1.2.1",
      "resolved": "https://registry.npm.taobao.org/is-type-of/download/is-type-of-1.2.1.tgz",
      "integrity": "sha1-4mPsOFes608oxHEw7HjbCakg+MU=",
      "requires": {
        "core-util-is": "^1.0.2",
        "is-class-hotfix": "~0.0.6",
        "isstream": "~0.1.2"
      }
    },
    "isstream": {
      "version": "0.1.2",
      "resolved": "https://registry.npm.taobao.org/isstream/download/isstream-0.1.2.tgz",
      "integrity": "sha1-R+Y/evVa+m+S4VAOaQ64uFKcCZo="
    }
  }
}
